
Microsoft Visual Studio Solution File, Format Version 12.00
# Visual Studio Version 17
VisualStudioVersion = 17.7.34221.43
MinimumVisualStudioVersion = 10.0.40219.1
Project("{9A19103F-16F7-4668-BE54-9A1E7A4F7556}") = "PrimeiroProjeto", "PrimeiroProjeto\PrimeiroProjeto.csproj", "{5A75B6F5-1DD9-4CA7-BBEF-67A5B9EA92FA}"
EndProject
Project("{2150E333-8FDC-42A3-9474-1A3956D46DE8}") = "Itens de Solução", "Itens de Solução", "{A8B0875D-9041-41E9-9EE7-22723E407A1F}"
	ProjectSection(SolutionItems) = preProject
		.gitignore = .gitignore
	EndProjectSection
EndProject
Global
	GlobalSection(SolutionConfigurationPlatforms) = preSolution
		Debug|Any CPU = Debug|Any CPU
		Release|Any CPU = Release|Any CPU
	EndGlobalSection
	GlobalSection(ProjectConfigurationPlatforms) = postSolution
		{5A75B6F5-1DD9-4CA7-BBEF-67A5B9EA92FA}.Debug|Any CPU.ActiveCfg = Debug|Any CPU
		{5A75B6F5-1DD9-4CA7-BBEF-67A5B9EA92FA}.Debug|Any CPU.Build.0 = Debug|Any CPU
		{5A75B6F5-1DD9-4CA7-BBEF-67A5B9EA92FA}.Release|Any CPU.ActiveCfg = Release|Any CPU
		{5A75B6F5-1DD9-4CA7-BBEF-67A5B9EA92FA}.Release|Any CPU.Build.0 = Release|Any CPU
	EndGlobalSection
	GlobalSection(SolutionProperties) = preSolution
		HideSolutionNode = FALSE
	EndGlobalSection
	GlobalSection(ExtensibilityGlobals) = postSolution
		SolutionGuid = {23E52F31-9091-4833-BF68-1C43B1D6B5D3}
	EndGlobalSection
EndGlobal
